
Microsoft Visual Studio Solution File, Format Version 12.00
# Visual Studio Version 17
VisualStudioVersion = 17.11.35312.102
MinimumVisualStudioVersion = 10.0.40219.1
Project("{FAE04EC0-301F-11D3-BF4B-00C04F79EFBC}") = "Solution1_API", "Solution1_API\Solution1_API.csproj", "{51CF30F4-2E91-458D-A271-FF81ABA3ECEA}"
EndProject
Global
	GlobalSection(SolutionConfigurationPlatforms) = preSolution
		Debug|Any CPU = Debug|Any CPU
		Release|Any CPU = Release|Any CPU
	EndGlobalSection
	GlobalSection(ProjectConfigurationPlatforms) = postSolution
		{51CF30F4-2E91-458D-A271-FF81ABA3ECEA}.Debug|Any CPU.ActiveCfg = Debug|Any CPU
		{51CF30F4-2E91-458D-A271-FF81ABA3ECEA}.Debug|Any CPU.Build.0 = Debug|Any CPU
		{51CF30F4-2E91-458D-A271-FF81ABA3ECEA}.Release|Any CPU.ActiveCfg = Release|Any CPU
		{51CF30F4-2E91-458D-A271-FF81ABA3ECEA}.Release|Any CPU.Build.0 = Release|Any CPU
	EndGlobalSection
	GlobalSection(SolutionProperties) = preSolution
		HideSolutionNode = FALSE
	EndGlobalSection
	GlobalSection(ExtensibilityGlobals) = postSolution
		SolutionGuid = {50A8EC88-1076-4159-8BDE-B8DC8F076798}
	EndGlobalSection
EndGlobal
